
Microsoft Visual Studio Solution File, Format Version 12.00
# Visual Studio Version 16
VisualStudioVersion = 16.0.30611.23
MinimumVisualStudioVersion = 10.0.40219.1
Project("{9A19103F-16F7-4668-BE54-9A1E7A4F7556}") = "ProjNet.NTv2", "ProjNet.NTv2\ProjNet.NTv2.csproj", "{0E9AC1E9-5ECC-41E1-9656-6E78D372693B}"
EndProject
Project("{FAE04EC0-301F-11D3-BF4B-00C04F79EFBC}") = "ProjNet.NTv2.Tests", "ProjNet.NTv2.Tests\ProjNet.NTv2.Tests.csproj", "{F01967EE-E1B7-4B4A-862E-32287614124B}"
EndProject
Global
	GlobalSection(SolutionConfigurationPlatforms) = preSolution
		Debug|Any CPU = Debug|Any CPU
		Release|Any CPU = Release|Any CPU
	EndGlobalSection
	GlobalSection(ProjectConfigurationPlatforms) = postSolution
		{0E9AC1E9-5ECC-41E1-9656-6E78D372693B}.Debug|Any CPU.ActiveCfg = Debug|Any CPU
		{0E9AC1E9-5ECC-41E1-9656-6E78D372693B}.Debug|Any CPU.Build.0 = Debug|Any CPU
		{0E9AC1E9-5ECC-41E1-9656-6E78D372693B}.Release|Any CPU.ActiveCfg = Release|Any CPU
		{0E9AC1E9-5ECC-41E1-9656-6E78D372693B}.Release|Any CPU.Build.0 = Release|Any CPU
		{F01967EE-E1B7-4B4A-862E-32287614124B}.Debug|Any CPU.ActiveCfg = Debug|Any CPU
		{F01967EE-E1B7-4B4A-862E-32287614124B}.Debug|Any CPU.Build.0 = Debug|Any CPU
		{F01967EE-E1B7-4B4A-862E-32287614124B}.Release|Any CPU.ActiveCfg = Release|Any CPU
		{F01967EE-E1B7-4B4A-862E-32287614124B}.Release|Any CPU.Build.0 = Release|Any CPU
	EndGlobalSection
	GlobalSection(SolutionProperties) = preSolution
		HideSolutionNode = FALSE
	EndGlobalSection
	GlobalSection(ExtensibilityGlobals) = postSolution
		SolutionGuid = {C5E7BC8C-0625-4721-9FBA-9597B133E14F}
	EndGlobalSection
EndGlobal
